
Microsoft Visual Studio Solution File, Format Version 12.00
# Visual Studio 15
VisualStudioVersion = 15.0.27004.2002
MinimumVisualStudioVersion = 10.0.40219.1
Project("{FAE04EC0-301F-11D3-BF4B-00C04F79EFBC}") = "poo1", "poo1\poo1.csproj", "{F087AB0B-7DDE-4BDE-83F3-BCB9EF6E113C}"
EndProject
Project("{2150E333-8FDC-42A3-9474-1A3956D46DE8}") = "Solution Items", "Solution Items", "{A1D4567A-5D96-40D8-8608-1DD3903A7ADA}"
EndProject
Global
	GlobalSection(SolutionConfigurationPlatforms) = preSolution
		Debug|Any CPU = Debug|Any CPU
		Release|Any CPU = Release|Any CPU
	EndGlobalSection
	GlobalSection(ProjectConfigurationPlatforms) = postSolution
		{F087AB0B-7DDE-4BDE-83F3-BCB9EF6E113C}.Debug|Any CPU.ActiveCfg = Debug|Any CPU
		{F087AB0B-7DDE-4BDE-83F3-BCB9EF6E113C}.Debug|Any CPU.Build.0 = Debug|Any CPU
		{F087AB0B-7DDE-4BDE-83F3-BCB9EF6E113C}.Release|Any CPU.ActiveCfg = Release|Any CPU
		{F087AB0B-7DDE-4BDE-83F3-BCB9EF6E113C}.Release|Any CPU.Build.0 = Release|Any CPU
	EndGlobalSection
	GlobalSection(SolutionProperties) = preSolution
		HideSolutionNode = FALSE
	EndGlobalSection
	GlobalSection(ExtensibilityGlobals) = postSolution
		SolutionGuid = {4C0951FB-6F37-4A33-9A76-AB6A06D4A339}
	EndGlobalSection
EndGlobal
